// !$*UTF8*$!
{
	archiveVersion = 1;
	classes = {
	};
	objectVersion = 50;
	objects = {

/* Begin PBXBuildFile section */
		7366676621E659BD00A179A0 /* AppDelegate.swift in Sources */ = {isa = PBXBuildFile; fileRef = 7366676521E659BD00A179A0 /* AppDelegate.swift */; };
		7366676821E659BD00A179A0 /* ViewController.swift in Sources */ = {isa = PBXBuildFile; fileRef = 7366676721E659BD00A179A0 /* ViewController.swift */; };
		7366676B21E659BD00A179A0 /* Main.storyboard in Resources */ = {isa = PBXBuildFile; fileRef = 7366676921E659BD00A179A0 /* Main.storyboard */; };
		7366676E21E659BD00A179A0 /* CenaNavidad.xcdatamodeld in Sources */ = {isa = PBXBuildFile; fileRef = 7366676C21E659BD00A179A0 /* CenaNavidad.xcdatamodeld */; };
		7366677021E659C000A179A0 /* Assets.xcassets in Resources */ = {isa = PBXBuildFile; fileRef = 7366676F21E659C000A179A0 /* Assets.xcassets */; };
		7366677321E659C000A179A0 /* LaunchScreen.storyboard in Resources */ = {isa = PBXBuildFile; fileRef = 7366677121E659C000A179A0 /* LaunchScreen.storyboard */; };
/* End PBXBuildFile section */

/* Begin PBXFileReference section */
		7366676221E659BD00A179A0 /* CenaNavidad.app */ = {isa = PBXFileReference; explicitFileType = wrapper.application; includeInIndex = 0; path = CenaNavidad.app; sourceTree = BUILT_PRODUCTS_DIR; };
		7366676521E659BD00A179A0 /* AppDelegate.swift */ = {isa = PBXFileReference; lastKnownFileType = sourcecode.swift; path = AppDelegate.swift; sourceTree = "<group>"; };
		7366676721E659BD00A179A0 /* ViewController.swift */ = {isa = PBXFileReference; lastKnownFileType = sourcecode.swift; path = ViewController.swift; sourceTree = "<group>"; };
		7366676A21E659BD00A179A0 /* Base */ = {isa = PBXFileReference; lastKnownFileType = file.storyboard; name = Base; path = Base.lproj/Main.storyboard; sourceTree = "<group>"; };
		7366676D21E659BD00A179A0 /* CenaNavidad.xcdatamodel */ = {isa = PBXFileReference; lastKnownFileType = wrapper.xcdatamodel; path = CenaNavidad.xcdatamodel; sourceTree = "<group>"; };
		7366676F21E659C000A179A0 /* Assets.xcassets */ = {isa = PBXFileReference; lastKnownFileType = folder.assetcatalog; path = Assets.xcassets; sourceTree = "<group>"; };
		7366677221E659C000A179A0 /* Base */ = {isa = PBXFileReference; lastKnownFileType = file.storyboard; name = Base; path = Base.lproj/LaunchScreen.storyboard; sourceTree = "<group>"; };
		7366677421E659C000A179A0 /* Info.plist */ = {isa = PBXFileReference; lastKnownFileType = text.plist.xml; path = Info.plist; sourceTree = "<group>"; };
/* End PBXFileReference section */

/* Begin PBXFrameworksBuildPhase section */
		7366675F21E659BD00A179A0 /* Frameworks */ = {
			isa = PBXFrameworksBuildPhase;
			buildActionMask = 2147483647;
			files = (
			);
			runOnlyForDeploymentPostprocessing = 0;
		};
/* End PBXFrameworksBuildPhase section */

/* Begin PBXGroup section */
		7366675921E659BD00A179A0 = {
			isa = PBXGroup;
			children = (
				7366676421E659BD00A179A0 /* CenaNavidad */,
				7366676321E659BD00A179A0 /* Products */,
			);
			sourceTree = "<group>";
		};
		7366676321E659BD00A179A0 /* Products */ = {
			isa = PBXGroup;
			children = (
				7366676221E659BD00A179A0 /* CenaNavidad.app */,
			);
			name = Products;
			sourceTree = "<group>";
		};
		7366676421E659BD00A179A0 /* CenaNavidad */ = {
			isa = PBXGroup;
			children = (
				7366676521E659BD00A179A0 /* AppDelegate.swift */,
				7366676721E659BD00A179A0 /* ViewController.swift */,
				7366676921E659BD00A179A0 /* Main.storyboard */,
				7366676F21E659C000A179A0 /* Assets.xcassets */,
				7366677121E659C000A179A0 /* LaunchScreen.storyboard */,
				7366677421E659C000A179A0 /* Info.plist */,
				7366676C21E659BD00A179A0 /* CenaNavidad.xcdatamodeld */,
			);
			path = CenaNavidad;
			sourceTree = "<group>";
		};
/* End PBXGroup section */

/* Begin PBXNativeTarget section */
		7366676121E659BD00A179A0 /* CenaNavidad */ = {
			isa = PBXNativeTarget;
			buildConfigurationList = 7366677721E659C000A179A0 /* Build configuration list for PBXNativeTarget "CenaNavidad" */;
			buildPhases = (
				7366675E21E659BD00A179A0 /* Sources */,
				7366675F21E659BD00A179A0 /* Frameworks */,
				7366676021E659BD00A179A0 /* Resources */,
			);
			buildRules = (
			);
			dependencies = (
			);
			name = CenaNavidad;
			productName = CenaNavidad;
			productReference = 7366676221E659BD00A179A0 /* CenaNavidad.app */;
			productType = "com.apple.product-type.application";
		};
/* End PBXNativeTarget section */

/* Begin PBXProject section */
		7366675A21E659BD00A179A0 /* Project object */ = {
			isa = PBXProject;
			attributes = {
				LastSwiftUpdateCheck = 0930;
				LastUpgradeCheck = 0930;
				ORGANIZATIONNAME = "PABLO GUARDADO ALVAREZ";
				TargetAttributes = {
					7366676121E659BD00A179A0 = {
						CreatedOnToolsVersion = 9.3;
					};
				};
			};
			buildConfigurationList = 7366675D21E659BD00A179A0 /* Build configuration list for PBXProject "CenaNavidad" */;
			compatibilityVersion = "Xcode 9.3";
			developmentRegion = en;
			hasScannedForEncodings = 0;
			knownRegions = (
				en,
				Base,
			);
			mainGroup = 7366675921E659BD00A179A0;
			productRefGroup = 7366676321E659BD00A179A0 /* Products */;
			projectDirPath = "";
			projectRoot = "";
			targets = (
				7366676121E659BD00A179A0 /* CenaNavidad */,
			);
		};
/* End PBXProject section */

/* Begin PBXResourcesBuildPhase section */
		7366676021E659BD00A179A0 /* Resources */ = {
			isa = PBXResourcesBuildPhase;
			buildActionMask = 2147483647;
			files = (
				7366677321E659C000A179A0 /* LaunchScreen.storyboard in Resources */,
				7366677021E659C000A179A0 /* Assets.xcassets in Resources */,
				7366676B21E659BD00A179A0 /* Main.storyboard in Resources */,
			);
			runOnlyForDeploymentPostprocessing = 0;
		};
/* End PBXResourcesBuildPhase section */

/* Begin PBXSourcesBuildPhase section */
		7366675E21E659BD00A179A0 /* Sources */ = {
			isa = PBXSourcesBuildPhase;
			buildActionMask = 2147483647;
			files = (
				7366676821E659BD00A179A0 /* ViewController.swift in Sources */,
				7366676E21E659BD00A179A0 /* CenaNavidad.xcdatamodeld in Sources */,
				7366676621E659BD00A179A0 /* AppDelegate.swift in Sources */,
			);
			runOnlyForDeploymentPostprocessing = 0;
		};
/* End PBXSourcesBuildPhase section */

/* Begin PBXVariantGroup section */
		7366676921E659BD00A179A0 /* Main.storyboard */ = {
			isa = PBXVariantGroup;
			children = (
				7366676A21E659BD00A179A0 /* Base */,
			);
			name = Main.storyboard;
			sourceTree = "<group>";
		};
		7366677121E659C000A179A0 /* LaunchScreen.storyboard */ = {
			isa = PBXVariantGroup;
			children = (
				7366677221E659C000A179A0 /* Base */,
			);
			name = LaunchScreen.storyboard;
			sourceTree = "<group>";
		};
/* End PBXVariantGroup section */

/* Begin XCBuildConfiguration section */
		7366677521E659C000A179A0 /* Debug */ = {
			isa = XCBuildConfiguration;
			buildSettings = {
				ALWAYS_SEARCH_USER_PATHS = NO;
				CLANG_ANALYZER_NONNULL = YES;
				CLANG_ANALYZER_NUMBER_OBJECT_CONVERSION = YES_AGGRESSIVE;
				CLANG_CXX_LANGUAGE_STANDARD = "gnu++14";
				CLANG_CXX_LIBRARY = "libc++";
				CLANG_ENABLE_MODULES = YES;
				CLANG_ENABLE_OBJC_ARC = YES;
				CLANG_ENABLE_OBJC_WEAK = YES;
				CLANG_WARN_BLOCK_CAPTURE_AUTORELEASING = YES;
				CLANG_WARN_BOOL_CONVERSION = YES;
				CLANG_WARN_COMMA = YES;
				CLANG_WARN_CONSTANT_CONVERSION = YES;
				CLANG_WARN_DEPRECATED_OBJC_IMPLEMENTATIONS = YES;
				CLANG_WARN_DIRECT_OBJC_ISA_USAGE = YES_ERROR;
				CLANG_WARN_DOCUMENTATION_COMMENTS = YES;
				CLANG_WARN_EMPTY_BODY = YES;
				CLANG_WARN_ENUM_CONVERSION = YES;
				CLANG_WARN_INFINITE_RECURSION = YES;
				CLANG_WARN_INT_CONVERSION = YES;
				CLANG_WARN_NON_LITERAL_NULL_CONVERSION = YES;
				CLANG_WARN_OBJC_IMPLICIT_RETAIN_SELF = YES;
				CLANG_WARN_OBJC_LITERAL_CONVERSION = YES;
				CLANG_WARN_OBJC_ROOT_CLASS = YES_ERROR;
				CLANG_WARN_RANGE_LOOP_ANALYSIS = YES;
				CLANG_WARN_STRICT_PROTOTYPES = YES;
				CLANG_WARN_SUSPICIOUS_MOVE = YES;
				CLANG_WARN_UNGUARDED_AVAILABILITY = YES_AGGRESSIVE;
				CLANG_WARN_UNREACHABLE_CODE = YES;
				CLANG_WARN__DUPLICATE_METHOD_MATCH = YES;
				CODE_SIGN_IDENTITY = "iPhone Developer";
				COPY_PHASE_STRIP = NO;
				DEBUG_INFORMATION_FORMAT = dwarf;
				ENABLE_STRICT_OBJC_MSGSEND = YES;
				ENABLE_TESTABILITY = YES;
				GCC_C_LANGUAGE_STANDARD = gnu11;
				GCC_DYNAMIC_NO_PIC = NO;
				GCC_NO_COMMON_BLOCKS = YES;
				GCC_OPTIMIZATION_LEVEL = 0;
				GCC_PREPROCESSOR_DEFINITIONS = (
					"DEBUG=1",
					"$(inherited)",
				);
				GCC_WARN_64_TO_32_BIT_CONVERSION = YES;
				GCC_WARN_ABOUT_RETURN_TYPE = YES_ERROR;
				GCC_WARN_UNDECLARED_SELECTOR = YES;
				GCC_WARN_UNINITIALIZED_AUTOS = YES_AGGRESSIVE;
				GCC_WARN_UNUSED_FUNCTION = YES;
				GCC_WARN_UNUSED_VARIABLE = YES;
				IPHONEOS_DEPLOYMENT_TARGET = 11.3;
				MTL_ENABLE_DEBUG_INFO = YES;
				ONLY_ACTIVE_ARCH = YES;
				SDKROOT = iphoneos;
				SWIFT_ACTIVE_COMPILATION_CONDITIONS = DEBUG;
				SWIFT_OPTIMIZATION_LEVEL = "-Onone";
			};
			name = Debug;
		};
		7366677621E659C000A179A0 /* Release */ = {
			isa = XCBuildConfiguration;
			buildSettings = {
				ALWAYS_SEARCH_USER_PATHS = NO;
				CLANG_ANALYZER_NONNULL = YES;
				CLANG_ANALYZER_NUMBER_OBJECT_CONVERSION = YES_AGGRESSIVE;
				CLANG_CXX_LANGUAGE_STANDARD = "gnu++14";
				CLANG_CXX_LIBRARY = "libc++";
				CLANG_ENABLE_MODULES = YES;
				CLANG_ENABLE_OBJC_ARC = YES;
				CLANG_ENABLE_OBJC_WEAK = YES;
				CLANG_WARN_BLOCK_CAPTURE_AUTORELEASING = YES;
				CLANG_WARN_BOOL_CONVERSION = YES;
				CLANG_WARN_COMMA = YES;
				CLANG_WARN_CONSTANT_CONVERSION = YES;
				CLANG_WARN_DEPRECATED_OBJC_IMPLEMENTATIONS = YES;
				CLANG_WARN_DIRECT_OBJC_ISA_USAGE = YES_ERROR;
				CLANG_WARN_DOCUMENTATION_COMMENTS = YES;
				CLANG_WARN_EMPTY_BODY = YES;
				CLANG_WARN_ENUM_CONVERSION = YES;
				CLANG_WARN_INFINITE_RECURSION = YES;
				CLANG_WARN_INT_CONVERSION = YES;
				CLANG_WARN_NON_LITERAL_NULL_CONVERSION = YES;
				CLANG_WARN_OBJC_IMPLICIT_RETAIN_SELF = YES;
				CLANG_WARN_OBJC_LITERAL_CONVERSION = YES;
				CLANG_WARN_OBJC_ROOT_CLASS = YES_ERROR;
				CLANG_WARN_RANGE_LOOP_ANALYSIS = YES;
				CLANG_WARN_STRICT_PROTOTYPES = YES;
				CLANG_WARN_SUSPICIOUS_MOVE = YES;
				CLANG_WARN_UNGUARDED_AVAILABILITY = YES_AGGRESSIVE;
				CLANG_WARN_UNREACHABLE_CODE = YES;
				CLANG_WARN__DUPLICATE_METHOD_MATCH = YES;
				CODE_SIGN_IDENTITY = "iPhone Developer";
				COPY_PHASE_STRIP = NO;
				DEBUG_INFORMATION_FORMAT = "dwarf-with-dsym";
				ENABLE_NS_ASSERTIONS = NO;
				ENABLE_STRICT_OBJC_MSGSEND = YES;
				GCC_C_LANGUAGE_STANDARD = gnu11;
				GCC_NO_COMMON_BLOCKS = YES;
				GCC_WARN_64_TO_32_BIT_CONVERSION = YES;
				GCC_WARN_ABOUT_RETURN_TYPE = YES_ERROR;
				GCC_WARN_UNDECLARED_SELECTOR = YES;
				GCC_WARN_UNINITIALIZED_AUTOS = YES_AGGRESSIVE;
				GCC_WARN_UNUSED_FUNCTION = YES;
				GCC_WARN_UNUSED_VARIABLE = YES;
				IPHONEOS_DEPLOYMENT_TARGET = 11.3;
				MTL_ENABLE_DEBUG_INFO = NO;
				SDKROOT = iphoneos;
				SWIFT_COMPILATION_MODE = wholemodule;
				SWIFT_OPTIMIZATION_LEVEL = "-O";
				VALIDATE_PRODUCT = YES;
			};
			name = Release;
		};
		7366677821E659C000A179A0 /* Debug */ = {
			isa = XCBuildConfiguration;
			buildSettings = {
				ASSETCATALOG_COMPILER_APPICON_NAME = AppIcon;
				CODE_SIGN_STYLE = Automatic;
				INFOPLIST_FILE = CenaNavidad/Info.plist;
				LD_RUNPATH_SEARCH_PATHS = (
					"$(inherited)",
					"@executable_path/Frameworks",
				);
				PRODUCT_BUNDLE_IDENTIFIER = "U-tad.CenaNavidad";
				PRODUCT_NAME = "$(TARGET_NAME)";
				SWIFT_VERSION = 4.0;
				TARGETED_DEVICE_FAMILY = "1,2";
			};
			name = Debug;
		};
		7366677921E659C000A179A0 /* Release */ = {
			isa = XCBuildConfiguration;
			buildSettings = {
				ASSETCATALOG_COMPILER_APPICON_NAME = AppIcon;
				CODE_SIGN_STYLE = Automatic;
				INFOPLIST_FILE = CenaNavidad/Info.plist;
				LD_RUNPATH_SEARCH_PATHS = (
					"$(inherited)",
					"@executable_path/Frameworks",
				);
				PRODUCT_BUNDLE_IDENTIFIER = "U-tad.CenaNavidad";
				PRODUCT_NAME = "$(TARGET_NAME)";
				SWIFT_VERSION = 4.0;
				TARGETED_DEVICE_FAMILY = "1,2";
			};
			name = Release;
		};
/* End XCBuildConfiguration section */

/* Begin XCConfigurationList section */
		7366675D21E659BD00A179A0 /* Build configuration list for PBXProject "CenaNavidad" */ = {
			isa = XCConfigurationList;
			buildConfigurations = (
				7366677521E659C000A179A0 /* Debug */,
				7366677621E659C000A179A0 /* Release */,
			);
			defaultConfigurationIsVisible = 0;
			defaultConfigurationName = Release;
		};
		7366677721E659C000A179A0 /* Build configuration list for PBXNativeTarget "CenaNavidad" */ = {
			isa = XCConfigurationList;
			buildConfigurations = (
				7366677821E659C000A179A0 /* Debug */,
				7366677921E659C000A179A0 /* Release */,
			);
			defaultConfigurationIsVisible = 0;
			defaultConfigurationName = Release;
		};
/* End XCConfigurationList section */

/* Begin XCVersionGroup section */
		7366676C21E659BD00A179A0 /* CenaNavidad.xcdatamodeld */ = {
			isa = XCVersionGroup;
			children = (
				7366676D21E659BD00A179A0 /* CenaNavidad.xcdatamodel */,
			);
			currentVersion = 7366676D21E659BD00A179A0 /* CenaNavidad.xcdatamodel */;
			path = CenaNavidad.xcdatamodeld;
			sourceTree = "<group>";
			versionGroupType = wrapper.xcdatamodel;
		};
/* End XCVersionGroup section */
	};
	rootObject = 7366675A21E659BD00A179A0 /* Project object */;
}
